// !$*UTF8*$!
{
	archiveVersion = 1;
	classes = {
	};
	objectVersion = 46;
	objects = {

/* Begin PBXBuildFile section */
		ED26DE9219F57E4400822BB4 /* GBYAlertUtils.m in Sources */ = {isa = PBXBuildFile; fileRef = ED26DE6519F57E4400822BB4 /* GBYAlertUtils.m */; };
		ED26DE9319F57E4400822BB4 /* GBYBarButtonItem.m in Sources */ = {isa = PBXBuildFile; fileRef = ED26DE6719F57E4400822BB4 /* GBYBarButtonItem.m */; };
		ED26DE9419F57E4400822BB4 /* GBYButton.m in Sources */ = {isa = PBXBuildFile; fileRef = ED26DE6919F57E4400822BB4 /* GBYButton.m */; };
		ED26DE9519F57E4400822BB4 /* GBYColor.m in Sources */ = {isa = PBXBuildFile; fileRef = ED26DE6B19F57E4400822BB4 /* GBYColor.m */; };
		ED26DE9619F57E4400822BB4 /* GBYFetchedResultsController.m in Sources */ = {isa = PBXBuildFile; fileRef = ED26DE6D19F57E4400822BB4 /* GBYFetchedResultsController.m */; };
		ED26DE9719F57E4400822BB4 /* GBYFetchedResultsControllerDelegate.m in Sources */ = {isa = PBXBuildFile; fileRef = ED26DE6F19F57E4400822BB4 /* GBYFetchedResultsControllerDelegate.m */; };
		ED26DE9819F57E4400822BB4 /* GBYImageView.m in Sources */ = {isa = PBXBuildFile; fileRef = ED26DE7119F57E4400822BB4 /* GBYImageView.m */; };
		ED26DE9919F57E4400822BB4 /* GBYLabel.m in Sources */ = {isa = PBXBuildFile; fileRef = ED26DE7319F57E4400822BB4 /* GBYLabel.m */; };
		ED26DE9A19F57E4400822BB4 /* GBYManager.m in Sources */ = {isa = PBXBuildFile; fileRef = ED26DE7519F57E4400822BB4 /* GBYManager.m */; };
		ED26DE9B19F57E4400822BB4 /* GBYNavigationItem.m in Sources */ = {isa = PBXBuildFile; fileRef = ED26DE7719F57E4400822BB4 /* GBYNavigationItem.m */; };
		ED26DE9C19F57E4400822BB4 /* GBYProtocolForwarder.m in Sources */ = {isa = PBXBuildFile; fileRef = ED26DE7919F57E4400822BB4 /* GBYProtocolForwarder.m */; };
		ED26DE9D19F57E4400822BB4 /* GBYScrollViewDelegate.m in Sources */ = {isa = PBXBuildFile; fileRef = ED26DE7B19F57E4400822BB4 /* GBYScrollViewDelegate.m */; };
		ED26DE9E19F57E4400822BB4 /* GBYSegmentedControl.m in Sources */ = {isa = PBXBuildFile; fileRef = ED26DE7D19F57E4400822BB4 /* GBYSegmentedControl.m */; };
		ED26DE9F19F57E4400822BB4 /* GBYSoundUtils.m in Sources */ = {isa = PBXBuildFile; fileRef = ED26DE7F19F57E4400822BB4 /* GBYSoundUtils.m */; };
		ED26DEA019F57E4400822BB4 /* GBYStepper.m in Sources */ = {isa = PBXBuildFile; fileRef = ED26DE8119F57E4400822BB4 /* GBYStepper.m */; };
		ED26DEA119F57E4400822BB4 /* GBYSwitch.m in Sources */ = {isa = PBXBuildFile; fileRef = ED26DE8319F57E4400822BB4 /* GBYSwitch.m */; };
		ED26DEA219F57E4400822BB4 /* GBYTabBarController.m in Sources */ = {isa = PBXBuildFile; fileRef = ED26DE8519F57E4400822BB4 /* GBYTabBarController.m */; };
		ED26DEA319F57E4400822BB4 /* GBYTableView.m in Sources */ = {isa = PBXBuildFile; fileRef = ED26DE8719F57E4400822BB4 /* GBYTableView.m */; };
		ED26DEA419F57E4400822BB4 /* GBYTableViewCell.m in Sources */ = {isa = PBXBuildFile; fileRef = ED26DE8919F57E4400822BB4 /* GBYTableViewCell.m */; };
		ED26DEA519F57E4400822BB4 /* GBYTableViewDataSource.m in Sources */ = {isa = PBXBuildFile; fileRef = ED26DE8B19F57E4400822BB4 /* GBYTableViewDataSource.m */; };
		ED26DEA619F57E4400822BB4 /* GBYTableViewDelegate.m in Sources */ = {isa = PBXBuildFile; fileRef = ED26DE8D19F57E4400822BB4 /* GBYTableViewDelegate.m */; };
		ED26DEA719F57E4400822BB4 /* GBYTextField.m in Sources */ = {isa = PBXBuildFile; fileRef = ED26DE8F19F57E4400822BB4 /* GBYTextField.m */; };
		ED26DEA819F57E4400822BB4 /* GBYViewController.m in Sources */ = {isa = PBXBuildFile; fileRef = ED26DE9119F57E4400822BB4 /* GBYViewController.m */; };
		ED26DEAD19F5861800822BB4 /* DatabaseManager.m in Sources */ = {isa = PBXBuildFile; fileRef = ED26DEAC19F5861800822BB4 /* DatabaseManager.m */; };
		ED26DEB019F5869700822BB4 /* BaseDatabaseManager.m in Sources */ = {isa = PBXBuildFile; fileRef = ED26DEAF19F5869700822BB4 /* BaseDatabaseManager.m */; };
		ED26DEB319F5886900822BB4 /* Shrimp.m in Sources */ = {isa = PBXBuildFile; fileRef = ED26DEB219F5886900822BB4 /* Shrimp.m */; };
		ED26DEB519F58BA000822BB4 /* main.js in Resources */ = {isa = PBXBuildFile; fileRef = ED26DEB419F58BA000822BB4 /* main.js */; };
		EDF7942219F571CF005E8532 /* main.m in Sources */ = {isa = PBXBuildFile; fileRef = EDF7942119F571CF005E8532 /* main.m */; };
		EDF7942519F571CF005E8532 /* AppDelegate.m in Sources */ = {isa = PBXBuildFile; fileRef = EDF7942419F571CF005E8532 /* AppDelegate.m */; };
		EDF7942819F571CF005E8532 /* Shrimp.xcdatamodeld in Sources */ = {isa = PBXBuildFile; fileRef = EDF7942619F571CF005E8532 /* Shrimp.xcdatamodeld */; };
		EDF7942B19F571CF005E8532 /* ViewController.m in Sources */ = {isa = PBXBuildFile; fileRef = EDF7942A19F571CF005E8532 /* ViewController.m */; };
		EDF7942E19F571CF005E8532 /* Main.storyboard in Resources */ = {isa = PBXBuildFile; fileRef = EDF7942C19F571CF005E8532 /* Main.storyboard */; };
		EDF7943019F571CF005E8532 /* Images.xcassets in Resources */ = {isa = PBXBuildFile; fileRef = EDF7942F19F571CF005E8532 /* Images.xcassets */; };
		EDF7943319F571CF005E8532 /* LaunchScreen.xib in Resources */ = {isa = PBXBuildFile; fileRef = EDF7943119F571CF005E8532 /* LaunchScreen.xib */; };
		EDF7943F19F571CF005E8532 /* ShrimpTests.m in Sources */ = {isa = PBXBuildFile; fileRef = EDF7943E19F571CF005E8532 /* ShrimpTests.m */; };
/* End PBXBuildFile section */

/* Begin PBXContainerItemProxy section */
		EDF7943919F571CF005E8532 /* PBXContainerItemProxy */ = {
			isa = PBXContainerItemProxy;
			containerPortal = EDF7941419F571CF005E8532 /* Project object */;
			proxyType = 1;
			remoteGlobalIDString = EDF7941B19F571CF005E8532;
			remoteInfo = Shrimp;
		};
/* End PBXContainerItemProxy section */

/* Begin PBXFileReference section */
		ED26DE6419F57E4400822BB4 /* GBYAlertUtils.h */ = {isa = PBXFileReference; fileEncoding = 4; lastKnownFileType = sourcecode.c.h; path = GBYAlertUtils.h; sourceTree = "<group>"; };
		ED26DE6519F57E4400822BB4 /* GBYAlertUtils.m */ = {isa = PBXFileReference; fileEncoding = 4; lastKnownFileType = sourcecode.c.objc; path = GBYAlertUtils.m; sourceTree = "<group>"; };
		ED26DE6619F57E4400822BB4 /* GBYBarButtonItem.h */ = {isa = PBXFileReference; fileEncoding = 4; lastKnownFileType = sourcecode.c.h; path = GBYBarButtonItem.h; sourceTree = "<group>"; };
		ED26DE6719F57E4400822BB4 /* GBYBarButtonItem.m */ = {isa = PBXFileReference; fileEncoding = 4; lastKnownFileType = sourcecode.c.objc; path = GBYBarButtonItem.m; sourceTree = "<group>"; };
		ED26DE6819F57E4400822BB4 /* GBYButton.h */ = {isa = PBXFileReference; fileEncoding = 4; lastKnownFileType = sourcecode.c.h; path = GBYButton.h; sourceTree = "<group>"; };
		ED26DE6919F57E4400822BB4 /* GBYButton.m */ = {isa = PBXFileReference; fileEncoding = 4; lastKnownFileType = sourcecode.c.objc; path = GBYButton.m; sourceTree = "<group>"; };
		ED26DE6A19F57E4400822BB4 /* GBYColor.h */ = {isa = PBXFileReference; fileEncoding = 4; lastKnownFileType = sourcecode.c.h; path = GBYColor.h; sourceTree = "<group>"; };
		ED26DE6B19F57E4400822BB4 /* GBYColor.m */ = {isa = PBXFileReference; fileEncoding = 4; lastKnownFileType = sourcecode.c.objc; path = GBYColor.m; sourceTree = "<group>"; };
		ED26DE6C19F57E4400822BB4 /* GBYFetchedResultsController.h */ = {isa = PBXFileReference; fileEncoding = 4; lastKnownFileType = sourcecode.c.h; path = GBYFetchedResultsController.h; sourceTree = "<group>"; };
		ED26DE6D19F57E4400822BB4 /* GBYFetchedResultsController.m */ = {isa = PBXFileReference; fileEncoding = 4; lastKnownFileType = sourcecode.c.objc; path = GBYFetchedResultsController.m; sourceTree = "<group>"; };
		ED26DE6E19F57E4400822BB4 /* GBYFetchedResultsControllerDelegate.h */ = {isa = PBXFileReference; fileEncoding = 4; lastKnownFileType = sourcecode.c.h; path = GBYFetchedResultsControllerDelegate.h; sourceTree = "<group>"; };
		ED26DE6F19F57E4400822BB4 /* GBYFetchedResultsControllerDelegate.m */ = {isa = PBXFileReference; fileEncoding = 4; lastKnownFileType = sourcecode.c.objc; path = GBYFetchedResultsControllerDelegate.m; sourceTree = "<group>"; };
		ED26DE7019F57E4400822BB4 /* GBYImageView.h */ = {isa = PBXFileReference; fileEncoding = 4; lastKnownFileType = sourcecode.c.h; path = GBYImageView.h; sourceTree = "<group>"; };
		ED26DE7119F57E4400822BB4 /* GBYImageView.m */ = {isa = PBXFileReference; fileEncoding = 4; lastKnownFileType = sourcecode.c.objc; path = GBYImageView.m; sourceTree = "<group>"; };
		ED26DE7219F57E4400822BB4 /* GBYLabel.h */ = {isa = PBXFileReference; fileEncoding = 4; lastKnownFileType = sourcecode.c.h; path = GBYLabel.h; sourceTree = "<group>"; };
		ED26DE7319F57E4400822BB4 /* GBYLabel.m */ = {isa = PBXFileReference; fileEncoding = 4; lastKnownFileType = sourcecode.c.objc; path = GBYLabel.m; sourceTree = "<group>"; };
		ED26DE7419F57E4400822BB4 /* GBYManager.h */ = {isa = PBXFileReference; fileEncoding = 4; lastKnownFileType = sourcecode.c.h; path = GBYManager.h; sourceTree = "<group>"; };
		ED26DE7519F57E4400822BB4 /* GBYManager.m */ = {isa = PBXFileReference; fileEncoding = 4; lastKnownFileType = sourcecode.c.objc; path = GBYManager.m; sourceTree = "<group>"; };
		ED26DE7619F57E4400822BB4 /* GBYNavigationItem.h */ = {isa = PBXFileReference; fileEncoding = 4; lastKnownFileType = sourcecode.c.h; path = GBYNavigationItem.h; sourceTree = "<group>"; };
		ED26DE7719F57E4400822BB4 /* GBYNavigationItem.m */ = {isa = PBXFileReference; fileEncoding = 4; lastKnownFileType = sourcecode.c.objc; path = GBYNavigationItem.m; sourceTree = "<group>"; };
		ED26DE7819F57E4400822BB4 /* GBYProtocolForwarder.h */ = {isa = PBXFileReference; fileEncoding = 4; lastKnownFileType = sourcecode.c.h; path = GBYProtocolForwarder.h; sourceTree = "<group>"; };
		ED26DE7919F57E4400822BB4 /* GBYProtocolForwarder.m */ = {isa = PBXFileReference; fileEncoding = 4; lastKnownFileType = sourcecode.c.objc; path = GBYProtocolForwarder.m; sourceTree = "<group>"; };
		ED26DE7A19F57E4400822BB4 /* GBYScrollViewDelegate.h */ = {isa = PBXFileReference; fileEncoding = 4; lastKnownFileType = sourcecode.c.h; path = GBYScrollViewDelegate.h; sourceTree = "<group>"; };
		ED26DE7B19F57E4400822BB4 /* GBYScrollViewDelegate.m */ = {isa = PBXFileReference; fileEncoding = 4; lastKnownFileType = sourcecode.c.objc; path = GBYScrollViewDelegate.m; sourceTree = "<group>"; };
		ED26DE7C19F57E4400822BB4 /* GBYSegmentedControl.h */ = {isa = PBXFileReference; fileEncoding = 4; lastKnownFileType = sourcecode.c.h; path = GBYSegmentedControl.h; sourceTree = "<group>"; };
		ED26DE7D19F57E4400822BB4 /* GBYSegmentedControl.m */ = {isa = PBXFileReference; fileEncoding = 4; lastKnownFileType = sourcecode.c.objc; path = GBYSegmentedControl.m; sourceTree = "<group>"; };
		ED26DE7E19F57E4400822BB4 /* GBYSoundUtils.h */ = {isa = PBXFileReference; fileEncoding = 4; lastKnownFileType = sourcecode.c.h; path = GBYSoundUtils.h; sourceTree = "<group>"; };
		ED26DE7F19F57E4400822BB4 /* GBYSoundUtils.m */ = {isa = PBXFileReference; fileEncoding = 4; lastKnownFileType = sourcecode.c.objc; path = GBYSoundUtils.m; sourceTree = "<group>"; };
		ED26DE8019F57E4400822BB4 /* GBYStepper.h */ = {isa = PBXFileReference; fileEncoding = 4; lastKnownFileType = sourcecode.c.h; path = GBYStepper.h; sourceTree = "<group>"; };
		ED26DE8119F57E4400822BB4 /* GBYStepper.m */ = {isa = PBXFileReference; fileEncoding = 4; lastKnownFileType = sourcecode.c.objc; path = GBYStepper.m; sourceTree = "<group>"; };
		ED26DE8219F57E4400822BB4 /* GBYSwitch.h */ = {isa = PBXFileReference; fileEncoding = 4; lastKnownFileType = sourcecode.c.h; path = GBYSwitch.h; sourceTree = "<group>"; };
		ED26DE8319F57E4400822BB4 /* GBYSwitch.m */ = {isa = PBXFileReference; fileEncoding = 4; lastKnownFileType = sourcecode.c.objc; path = GBYSwitch.m; sourceTree = "<group>"; };
		ED26DE8419F57E4400822BB4 /* GBYTabBarController.h */ = {isa = PBXFileReference; fileEncoding = 4; lastKnownFileType = sourcecode.c.h; path = GBYTabBarController.h; sourceTree = "<group>"; };
		ED26DE8519F57E4400822BB4 /* GBYTabBarController.m */ = {isa = PBXFileReference; fileEncoding = 4; lastKnownFileType = sourcecode.c.objc; path = GBYTabBarController.m; sourceTree = "<group>"; };
		ED26DE8619F57E4400822BB4 /* GBYTableView.h */ = {isa = PBXFileReference; fileEncoding = 4; lastKnownFileType = sourcecode.c.h; path = GBYTableView.h; sourceTree = "<group>"; };
		ED26DE8719F57E4400822BB4 /* GBYTableView.m */ = {isa = PBXFileReference; fileEncoding = 4; lastKnownFileType = sourcecode.c.objc; path = GBYTableView.m; sourceTree = "<group>"; };
		ED26DE8819F57E4400822BB4 /* GBYTableViewCell.h */ = {isa = PBXFileReference; fileEncoding = 4; lastKnownFileType = sourcecode.c.h; path = GBYTableViewCell.h; sourceTree = "<group>"; };
		ED26DE8919F57E4400822BB4 /* GBYTableViewCell.m */ = {isa = PBXFileReference; fileEncoding = 4; lastKnownFileType = sourcecode.c.objc; path = GBYTableViewCell.m; sourceTree = "<group>"; };
		ED26DE8A19F57E4400822BB4 /* GBYTableViewDataSource.h */ = {isa = PBXFileReference; fileEncoding = 4; lastKnownFileType = sourcecode.c.h; path = GBYTableViewDataSource.h; sourceTree = "<group>"; };
		ED26DE8B19F57E4400822BB4 /* GBYTableViewDataSource.m */ = {isa = PBXFileReference; fileEncoding = 4; lastKnownFileType = sourcecode.c.objc; path = GBYTableViewDataSource.m; sourceTree = "<group>"; };
		ED26DE8C19F57E4400822BB4 /* GBYTableViewDelegate.h */ = {isa = PBXFileReference; fileEncoding = 4; lastKnownFileType = sourcecode.c.h; path = GBYTableViewDelegate.h; sourceTree = "<group>"; };
		ED26DE8D19F57E4400822BB4 /* GBYTableViewDelegate.m */ = {isa = PBXFileReference; fileEncoding = 4; lastKnownFileType = sourcecode.c.objc; path = GBYTableViewDelegate.m; sourceTree = "<group>"; };
		ED26DE8E19F57E4400822BB4 /* GBYTextField.h */ = {isa = PBXFileReference; fileEncoding = 4; lastKnownFileType = sourcecode.c.h; path = GBYTextField.h; sourceTree = "<group>"; };
		ED26DE8F19F57E4400822BB4 /* GBYTextField.m */ = {isa = PBXFileReference; fileEncoding = 4; lastKnownFileType = sourcecode.c.objc; path = GBYTextField.m; sourceTree = "<group>"; };
		ED26DE9019F57E4400822BB4 /* GBYViewController.h */ = {isa = PBXFileReference; fileEncoding = 4; lastKnownFileType = sourcecode.c.h; path = GBYViewController.h; sourceTree = "<group>"; };
		ED26DE9119F57E4400822BB4 /* GBYViewController.m */ = {isa = PBXFileReference; fileEncoding = 4; lastKnownFileType = sourcecode.c.objc; path = GBYViewController.m; sourceTree = "<group>"; };
		ED26DEAB19F5861800822BB4 /* DatabaseManager.h */ = {isa = PBXFileReference; fileEncoding = 4; lastKnownFileType = sourcecode.c.h; path = DatabaseManager.h; sourceTree = "<group>"; };
		ED26DEAC19F5861800822BB4 /* DatabaseManager.m */ = {isa = PBXFileReference; fileEncoding = 4; lastKnownFileType = sourcecode.c.objc; path = DatabaseManager.m; sourceTree = "<group>"; };
		ED26DEAE19F5869700822BB4 /* BaseDatabaseManager.h */ = {isa = PBXFileReference; fileEncoding = 4; lastKnownFileType = sourcecode.c.h; path = BaseDatabaseManager.h; sourceTree = "<group>"; };
		ED26DEAF19F5869700822BB4 /* BaseDatabaseManager.m */ = {isa = PBXFileReference; fileEncoding = 4; lastKnownFileType = sourcecode.c.objc; path = BaseDatabaseManager.m; sourceTree = "<group>"; };
		ED26DEB119F5886900822BB4 /* Shrimp.h */ = {isa = PBXFileReference; fileEncoding = 4; lastKnownFileType = sourcecode.c.h; path = Shrimp.h; sourceTree = "<group>"; };
		ED26DEB219F5886900822BB4 /* Shrimp.m */ = {isa = PBXFileReference; fileEncoding = 4; lastKnownFileType = sourcecode.c.objc; path = Shrimp.m; sourceTree = "<group>"; };
		ED26DEB419F58BA000822BB4 /* main.js */ = {isa = PBXFileReference; fileEncoding = 4; lastKnownFileType = sourcecode.javascript; name = main.js; path = ../ClojureScript/js/main.js; sourceTree = "<group>"; };
		EDF7941C19F571CF005E8532 /* Shrimp.app */ = {isa = PBXFileReference; explicitFileType = wrapper.application; includeInIndex = 0; path = Shrimp.app; sourceTree = BUILT_PRODUCTS_DIR; };
		EDF7942019F571CF005E8532 /* Info.plist */ = {isa = PBXFileReference; lastKnownFileType = text.plist.xml; path = Info.plist; sourceTree = "<group>"; };
		EDF7942119F571CF005E8532 /* main.m */ = {isa = PBXFileReference; lastKnownFileType = sourcecode.c.objc; path = main.m; sourceTree = "<group>"; };
		EDF7942319F571CF005E8532 /* AppDelegate.h */ = {isa = PBXFileReference; lastKnownFileType = sourcecode.c.h; path = AppDelegate.h; sourceTree = "<group>"; };
		EDF7942419F571CF005E8532 /* AppDelegate.m */ = {isa = PBXFileReference; lastKnownFileType = sourcecode.c.objc; path = AppDelegate.m; sourceTree = "<group>"; };
		EDF7942719F571CF005E8532 /* Shrimp.xcdatamodel */ = {isa = PBXFileReference; lastKnownFileType = wrapper.xcdatamodel; path = Shrimp.xcdatamodel; sourceTree = "<group>"; };
		EDF7942919F571CF005E8532 /* ViewController.h */ = {isa = PBXFileReference; lastKnownFileType = sourcecode.c.h; path = ViewController.h; sourceTree = "<group>"; };
		EDF7942A19F571CF005E8532 /* ViewController.m */ = {isa = PBXFileReference; lastKnownFileType = sourcecode.c.objc; path = ViewController.m; sourceTree = "<group>"; };
		EDF7942D19F571CF005E8532 /* Base */ = {isa = PBXFileReference; lastKnownFileType = file.storyboard; name = Base; path = Base.lproj/Main.storyboard; sourceTree = "<group>"; };
		EDF7942F19F571CF005E8532 /* Images.xcassets */ = {isa = PBXFileReference; lastKnownFileType = folder.assetcatalog; path = Images.xcassets; sourceTree = "<group>"; };
		EDF7943219F571CF005E8532 /* Base */ = {isa = PBXFileReference; lastKnownFileType = file.xib; name = Base; path = Base.lproj/LaunchScreen.xib; sourceTree = "<group>"; };
		EDF7943819F571CF005E8532 /* ShrimpTests.xctest */ = {isa = PBXFileReference; explicitFileType = wrapper.cfbundle; includeInIndex = 0; path = ShrimpTests.xctest; sourceTree = BUILT_PRODUCTS_DIR; };
		EDF7943D19F571CF005E8532 /* Info.plist */ = {isa = PBXFileReference; lastKnownFileType = text.plist.xml; path = Info.plist; sourceTree = "<group>"; };
		EDF7943E19F571CF005E8532 /* ShrimpTests.m */ = {isa = PBXFileReference; lastKnownFileType = sourcecode.c.objc; path = ShrimpTests.m; sourceTree = "<group>"; };
/* End PBXFileReference section */

/* Begin PBXFrameworksBuildPhase section */
		EDF7941919F571CF005E8532 /* Frameworks */ = {
			isa = PBXFrameworksBuildPhase;
			buildActionMask = 2147483647;
			files = (
			);
			runOnlyForDeploymentPostprocessing = 0;
		};
		EDF7943519F571CF005E8532 /* Frameworks */ = {
			isa = PBXFrameworksBuildPhase;
			buildActionMask = 2147483647;
			files = (
			);
			runOnlyForDeploymentPostprocessing = 0;
		};
/* End PBXFrameworksBuildPhase section */

/* Begin PBXGroup section */
		ED26DE6319F57E4400822BB4 /* Goby */ = {
			isa = PBXGroup;
			children = (
				ED26DE6419F57E4400822BB4 /* GBYAlertUtils.h */,
				ED26DE6519F57E4400822BB4 /* GBYAlertUtils.m */,
				ED26DE6619F57E4400822BB4 /* GBYBarButtonItem.h */,
				ED26DE6719F57E4400822BB4 /* GBYBarButtonItem.m */,
				ED26DE6819F57E4400822BB4 /* GBYButton.h */,
				ED26DE6919F57E4400822BB4 /* GBYButton.m */,
				ED26DE6A19F57E4400822BB4 /* GBYColor.h */,
				ED26DE6B19F57E4400822BB4 /* GBYColor.m */,
				ED26DE6C19F57E4400822BB4 /* GBYFetchedResultsController.h */,
				ED26DE6D19F57E4400822BB4 /* GBYFetchedResultsController.m */,
				ED26DE6E19F57E4400822BB4 /* GBYFetchedResultsControllerDelegate.h */,
				ED26DE6F19F57E4400822BB4 /* GBYFetchedResultsControllerDelegate.m */,
				ED26DE7019F57E4400822BB4 /* GBYImageView.h */,
				ED26DE7119F57E4400822BB4 /* GBYImageView.m */,
				ED26DE7219F57E4400822BB4 /* GBYLabel.h */,
				ED26DE7319F57E4400822BB4 /* GBYLabel.m */,
				ED26DE7419F57E4400822BB4 /* GBYManager.h */,
				ED26DE7519F57E4400822BB4 /* GBYManager.m */,
				ED26DE7619F57E4400822BB4 /* GBYNavigationItem.h */,
				ED26DE7719F57E4400822BB4 /* GBYNavigationItem.m */,
				ED26DE7819F57E4400822BB4 /* GBYProtocolForwarder.h */,
				ED26DE7919F57E4400822BB4 /* GBYProtocolForwarder.m */,
				ED26DE7A19F57E4400822BB4 /* GBYScrollViewDelegate.h */,
				ED26DE7B19F57E4400822BB4 /* GBYScrollViewDelegate.m */,
				ED26DE7C19F57E4400822BB4 /* GBYSegmentedControl.h */,
				ED26DE7D19F57E4400822BB4 /* GBYSegmentedControl.m */,
				ED26DE7E19F57E4400822BB4 /* GBYSoundUtils.h */,
				ED26DE7F19F57E4400822BB4 /* GBYSoundUtils.m */,
				ED26DE8019F57E4400822BB4 /* GBYStepper.h */,
				ED26DE8119F57E4400822BB4 /* GBYStepper.m */,
				ED26DE8219F57E4400822BB4 /* GBYSwitch.h */,
				ED26DE8319F57E4400822BB4 /* GBYSwitch.m */,
				ED26DE8419F57E4400822BB4 /* GBYTabBarController.h */,
				ED26DE8519F57E4400822BB4 /* GBYTabBarController.m */,
				ED26DE8619F57E4400822BB4 /* GBYTableView.h */,
				ED26DE8719F57E4400822BB4 /* GBYTableView.m */,
				ED26DE8819F57E4400822BB4 /* GBYTableViewCell.h */,
				ED26DE8919F57E4400822BB4 /* GBYTableViewCell.m */,
				ED26DE8A19F57E4400822BB4 /* GBYTableViewDataSource.h */,
				ED26DE8B19F57E4400822BB4 /* GBYTableViewDataSource.m */,
				ED26DE8C19F57E4400822BB4 /* GBYTableViewDelegate.h */,
				ED26DE8D19F57E4400822BB4 /* GBYTableViewDelegate.m */,
				ED26DE8E19F57E4400822BB4 /* GBYTextField.h */,
				ED26DE8F19F57E4400822BB4 /* GBYTextField.m */,
				ED26DE9019F57E4400822BB4 /* GBYViewController.h */,
				ED26DE9119F57E4400822BB4 /* GBYViewController.m */,
			);
			name = Goby;
			path = ../Goby/iOS/src;
			sourceTree = "<group>";
		};
		EDF7941319F571CF005E8532 = {
			isa = PBXGroup;
			children = (
				ED26DEB419F58BA000822BB4 /* main.js */,
				ED26DE6319F57E4400822BB4 /* Goby */,
				EDF7941E19F571CF005E8532 /* Shrimp */,
				EDF7943B19F571CF005E8532 /* ShrimpTests */,
				EDF7941D19F571CF005E8532 /* Products */,
			);
			sourceTree = "<group>";
		};
		EDF7941D19F571CF005E8532 /* Products */ = {
			isa = PBXGroup;
			children = (
				EDF7941C19F571CF005E8532 /* Shrimp.app */,
				EDF7943819F571CF005E8532 /* ShrimpTests.xctest */,
			);
			name = Products;
			sourceTree = "<group>";
		};
		EDF7941E19F571CF005E8532 /* Shrimp */ = {
			isa = PBXGroup;
			children = (
				EDF7942319F571CF005E8532 /* AppDelegate.h */,
				EDF7942419F571CF005E8532 /* AppDelegate.m */,
				EDF7942919F571CF005E8532 /* ViewController.h */,
				EDF7942A19F571CF005E8532 /* ViewController.m */,
				ED26DEAE19F5869700822BB4 /* BaseDatabaseManager.h */,
				ED26DEAF19F5869700822BB4 /* BaseDatabaseManager.m */,
				ED26DEAB19F5861800822BB4 /* DatabaseManager.h */,
				ED26DEAC19F5861800822BB4 /* DatabaseManager.m */,
				EDF7942C19F571CF005E8532 /* Main.storyboard */,
				EDF7942F19F571CF005E8532 /* Images.xcassets */,
				EDF7943119F571CF005E8532 /* LaunchScreen.xib */,
				EDF7942619F571CF005E8532 /* Shrimp.xcdatamodeld */,
				ED26DEB119F5886900822BB4 /* Shrimp.h */,
				ED26DEB219F5886900822BB4 /* Shrimp.m */,
				EDF7941F19F571CF005E8532 /* Supporting Files */,
			);
			path = Shrimp;
			sourceTree = "<group>";
		};
		EDF7941F19F571CF005E8532 /* Supporting Files */ = {
			isa = PBXGroup;
			children = (
				EDF7942019F571CF005E8532 /* Info.plist */,
				EDF7942119F571CF005E8532 /* main.m */,
			);
			name = "Supporting Files";
			sourceTree = "<group>";
		};
		EDF7943B19F571CF005E8532 /* ShrimpTests */ = {
			isa = PBXGroup;
			children = (
				EDF7943E19F571CF005E8532 /* ShrimpTests.m */,
				EDF7943C19F571CF005E8532 /* Supporting Files */,
			);
			path = ShrimpTests;
			sourceTree = "<group>";
		};
		EDF7943C19F571CF005E8532 /* Supporting Files */ = {
			isa = PBXGroup;
			children = (
				EDF7943D19F571CF005E8532 /* Info.plist */,
			);
			name = "Supporting Files";
			sourceTree = "<group>";
		};
/* End PBXGroup section */

/* Begin PBXNativeTarget section */
		EDF7941B19F571CF005E8532 /* Shrimp */ = {
			isa = PBXNativeTarget;
			buildConfigurationList = EDF7944219F571CF005E8532 /* Build configuration list for PBXNativeTarget "Shrimp" */;
			buildPhases = (
				EDF7941819F571CF005E8532 /* Sources */,
				EDF7941919F571CF005E8532 /* Frameworks */,
				EDF7941A19F571CF005E8532 /* Resources */,
			);
			buildRules = (
			);
			dependencies = (
			);
			name = Shrimp;
			productName = Shrimp;
			productReference = EDF7941C19F571CF005E8532 /* Shrimp.app */;
			productType = "com.apple.product-type.application";
		};
		EDF7943719F571CF005E8532 /* ShrimpTests */ = {
			isa = PBXNativeTarget;
			buildConfigurationList = EDF7944519F571CF005E8532 /* Build configuration list for PBXNativeTarget "ShrimpTests" */;
			buildPhases = (
				EDF7943419F571CF005E8532 /* Sources */,
				EDF7943519F571CF005E8532 /* Frameworks */,
				EDF7943619F571CF005E8532 /* Resources */,
			);
			buildRules = (
			);
			dependencies = (
				EDF7943A19F571CF005E8532 /* PBXTargetDependency */,
			);
			name = ShrimpTests;
			productName = ShrimpTests;
			productReference = EDF7943819F571CF005E8532 /* ShrimpTests.xctest */;
			productType = "com.apple.product-type.bundle.unit-test";
		};
/* End PBXNativeTarget section */

/* Begin PBXProject section */
		EDF7941419F571CF005E8532 /* Project object */ = {
			isa = PBXProject;
			attributes = {
				LastUpgradeCheck = 0600;
				ORGANIZATIONNAME = Goby;
				TargetAttributes = {
					EDF7941B19F571CF005E8532 = {
						CreatedOnToolsVersion = 6.0.1;
					};
					EDF7943719F571CF005E8532 = {
						CreatedOnToolsVersion = 6.0.1;
						TestTargetID = EDF7941B19F571CF005E8532;
					};
				};
			};
			buildConfigurationList = EDF7941719F571CF005E8532 /* Build configuration list for PBXProject "Shrimp" */;
			compatibilityVersion = "Xcode 3.2";
			developmentRegion = English;
			hasScannedForEncodings = 0;
			knownRegions = (
				en,
				Base,
			);
			mainGroup = EDF7941319F571CF005E8532;
			productRefGroup = EDF7941D19F571CF005E8532 /* Products */;
			projectDirPath = "";
			projectRoot = "";
			targets = (
				EDF7941B19F571CF005E8532 /* Shrimp */,
				EDF7943719F571CF005E8532 /* ShrimpTests */,
			);
		};
/* End PBXProject section */

/* Begin PBXResourcesBuildPhase section */
		EDF7941A19F571CF005E8532 /* Resources */ = {
			isa = PBXResourcesBuildPhase;
			buildActionMask = 2147483647;
			files = (
				EDF7942E19F571CF005E8532 /* Main.storyboard in Resources */,
				EDF7943319F571CF005E8532 /* LaunchScreen.xib in Resources */,
				EDF7943019F571CF005E8532 /* Images.xcassets in Resources */,
				ED26DEB519F58BA000822BB4 /* main.js in Resources */,
			);
			runOnlyForDeploymentPostprocessing = 0;
		};
		EDF7943619F571CF005E8532 /* Resources */ = {
			isa = PBXResourcesBuildPhase;
			buildActionMask = 2147483647;
			files = (
			);
			runOnlyForDeploymentPostprocessing = 0;
		};
/* End PBXResourcesBuildPhase section */

/* Begin PBXSourcesBuildPhase section */
		EDF7941819F571CF005E8532 /* Sources */ = {
			isa = PBXSourcesBuildPhase;
			buildActionMask = 2147483647;
			files = (
				ED26DE9F19F57E4400822BB4 /* GBYSoundUtils.m in Sources */,
				ED26DEA219F57E4400822BB4 /* GBYTabBarController.m in Sources */,
				EDF7942519F571CF005E8532 /* AppDelegate.m in Sources */,
				ED26DEA619F57E4400822BB4 /* GBYTableViewDelegate.m in Sources */,
				ED26DEA519F57E4400822BB4 /* GBYTableViewDataSource.m in Sources */,
				ED26DEA119F57E4400822BB4 /* GBYSwitch.m in Sources */,
				EDF7942819F571CF005E8532 /* Shrimp.xcdatamodeld in Sources */,
				EDF7942B19F571CF005E8532 /* ViewController.m in Sources */,
				ED26DEAD19F5861800822BB4 /* DatabaseManager.m in Sources */,
				ED26DE9A19F57E4400822BB4 /* GBYManager.m in Sources */,
				ED26DE9819F57E4400822BB4 /* GBYImageView.m in Sources */,
				ED26DE9419F57E4400822BB4 /* GBYButton.m in Sources */,
				ED26DE9719F57E4400822BB4 /* GBYFetchedResultsControllerDelegate.m in Sources */,
				ED26DE9B19F57E4400822BB4 /* GBYNavigationItem.m in Sources */,
				ED26DEA019F57E4400822BB4 /* GBYStepper.m in Sources */,
				ED26DEA319F57E4400822BB4 /* GBYTableView.m in Sources */,
				ED26DE9219F57E4400822BB4 /* GBYAlertUtils.m in Sources */,
				ED26DEA719F57E4400822BB4 /* GBYTextField.m in Sources */,
				ED26DE9D19F57E4400822BB4 /* GBYScrollViewDelegate.m in Sources */,
				ED26DE9919F57E4400822BB4 /* GBYLabel.m in Sources */,
				ED26DE9C19F57E4400822BB4 /* GBYProtocolForwarder.m in Sources */,
				ED26DE9E19F57E4400822BB4 /* GBYSegmentedControl.m in Sources */,
				ED26DEA819F57E4400822BB4 /* GBYViewController.m in Sources */,
				ED26DEB019F5869700822BB4 /* BaseDatabaseManager.m in Sources */,
				EDF7942219F571CF005E8532 /* main.m in Sources */,
				ED26DE9519F57E4400822BB4 /* GBYColor.m in Sources */,
				ED26DEB319F5886900822BB4 /* Shrimp.m in Sources */,
				ED26DE9319F57E4400822BB4 /* GBYBarButtonItem.m in Sources */,
				ED26DE9619F57E4400822BB4 /* GBYFetchedResultsController.m in Sources */,
				ED26DEA419F57E4400822BB4 /* GBYTableViewCell.m in Sources */,
			);
			runOnlyForDeploymentPostprocessing = 0;
		};
		EDF7943419F571CF005E8532 /* Sources */ = {
			isa = PBXSourcesBuildPhase;
			buildActionMask = 2147483647;
			files = (
				EDF7943F19F571CF005E8532 /* ShrimpTests.m in Sources */,
			);
			runOnlyForDeploymentPostprocessing = 0;
		};
/* End PBXSourcesBuildPhase section */

/* Begin PBXTargetDependency section */
		EDF7943A19F571CF005E8532 /* PBXTargetDependency */ = {
			isa = PBXTargetDependency;
			target = EDF7941B19F571CF005E8532 /* Shrimp */;
			targetProxy = EDF7943919F571CF005E8532 /* PBXContainerItemProxy */;
		};
/* End PBXTargetDependency section */

/* Begin PBXVariantGroup section */
		EDF7942C19F571CF005E8532 /* Main.storyboard */ = {
			isa = PBXVariantGroup;
			children = (
				EDF7942D19F571CF005E8532 /* Base */,
			);
			name = Main.storyboard;
			sourceTree = "<group>";
		};
		EDF7943119F571CF005E8532 /* LaunchScreen.xib */ = {
			isa = PBXVariantGroup;
			children = (
				EDF7943219F571CF005E8532 /* Base */,
			);
			name = LaunchScreen.xib;
			sourceTree = "<group>";
		};
/* End PBXVariantGroup section */

/* Begin XCBuildConfiguration section */
		EDF7944019F571CF005E8532 /* Debug */ = {
			isa = XCBuildConfiguration;
			buildSettings = {
				ALWAYS_SEARCH_USER_PATHS = NO;
				CLANG_CXX_LANGUAGE_STANDARD = "gnu++0x";
				CLANG_CXX_LIBRARY = "libc++";
				CLANG_ENABLE_MODULES = YES;
				CLANG_ENABLE_OBJC_ARC = YES;
				CLANG_WARN_BOOL_CONVERSION = YES;
				CLANG_WARN_CONSTANT_CONVERSION = YES;
				CLANG_WARN_DIRECT_OBJC_ISA_USAGE = YES_ERROR;
				CLANG_WARN_EMPTY_BODY = YES;
				CLANG_WARN_ENUM_CONVERSION = YES;
				CLANG_WARN_INT_CONVERSION = YES;
				CLANG_WARN_OBJC_ROOT_CLASS = YES_ERROR;
				CLANG_WARN_UNREACHABLE_CODE = YES;
				CLANG_WARN__DUPLICATE_METHOD_MATCH = YES;
				"CODE_SIGN_IDENTITY[sdk=iphoneos*]" = "iPhone Developer";
				COPY_PHASE_STRIP = NO;
				ENABLE_STRICT_OBJC_MSGSEND = YES;
				GCC_C_LANGUAGE_STANDARD = gnu99;
				GCC_DYNAMIC_NO_PIC = NO;
				GCC_OPTIMIZATION_LEVEL = 0;
				GCC_PREPROCESSOR_DEFINITIONS = (
					"DEBUG=1",
					"$(inherited)",
				);
				GCC_SYMBOLS_PRIVATE_EXTERN = NO;
				GCC_WARN_64_TO_32_BIT_CONVERSION = YES;
				GCC_WARN_ABOUT_RETURN_TYPE = YES_ERROR;
				GCC_WARN_UNDECLARED_SELECTOR = YES;
				GCC_WARN_UNINITIALIZED_AUTOS = YES_AGGRESSIVE;
				GCC_WARN_UNUSED_FUNCTION = YES;
				GCC_WARN_UNUSED_VARIABLE = YES;
				IPHONEOS_DEPLOYMENT_TARGET = 8.0;
				MTL_ENABLE_DEBUG_INFO = YES;
				ONLY_ACTIVE_ARCH = YES;
				SDKROOT = iphoneos;
				TARGETED_DEVICE_FAMILY = "1,2";
			};
			name = Debug;
		};
		EDF7944119F571CF005E8532 /* Release */ = {
			isa = XCBuildConfiguration;
			buildSettings = {
				ALWAYS_SEARCH_USER_PATHS = NO;
				CLANG_CXX_LANGUAGE_STANDARD = "gnu++0x";
				CLANG_CXX_LIBRARY = "libc++";
				CLANG_ENABLE_MODULES = YES;
				CLANG_ENABLE_OBJC_ARC = YES;
				CLANG_WARN_BOOL_CONVERSION = YES;
				CLANG_WARN_CONSTANT_CONVERSION = YES;
				CLANG_WARN_DIRECT_OBJC_ISA_USAGE = YES_ERROR;
				CLANG_WARN_EMPTY_BODY = YES;
				CLANG_WARN_ENUM_CONVERSION = YES;
				CLANG_WARN_INT_CONVERSION = YES;
				CLANG_WARN_OBJC_ROOT_CLASS = YES_ERROR;
				CLANG_WARN_UNREACHABLE_CODE = YES;
				CLANG_WARN__DUPLICATE_METHOD_MATCH = YES;
				"CODE_SIGN_IDENTITY[sdk=iphoneos*]" = "iPhone Developer";
				COPY_PHASE_STRIP = YES;
				ENABLE_NS_ASSERTIONS = NO;
				ENABLE_STRICT_OBJC_MSGSEND = YES;
				GCC_C_LANGUAGE_STANDARD = gnu99;
				GCC_WARN_64_TO_32_BIT_CONVERSION = YES;
				GCC_WARN_ABOUT_RETURN_TYPE = YES_ERROR;
				GCC_WARN_UNDECLARED_SELECTOR = YES;
				GCC_WARN_UNINITIALIZED_AUTOS = YES_AGGRESSIVE;
				GCC_WARN_UNUSED_FUNCTION = YES;
				GCC_WARN_UNUSED_VARIABLE = YES;
				IPHONEOS_DEPLOYMENT_TARGET = 8.0;
				MTL_ENABLE_DEBUG_INFO = NO;
				SDKROOT = iphoneos;
				TARGETED_DEVICE_FAMILY = "1,2";
				VALIDATE_PRODUCT = YES;
			};
			name = Release;
		};
		EDF7944319F571CF005E8532 /* Debug */ = {
			isa = XCBuildConfiguration;
			buildSettings = {
				ASSETCATALOG_COMPILER_APPICON_NAME = AppIcon;
				INFOPLIST_FILE = Shrimp/Info.plist;
				LD_RUNPATH_SEARCH_PATHS = "$(inherited) @executable_path/Frameworks";
				PRODUCT_NAME = "$(TARGET_NAME)";
				TARGETED_DEVICE_FAMILY = 1;
			};
			name = Debug;
		};
		EDF7944419F571CF005E8532 /* Release */ = {
			isa = XCBuildConfiguration;
			buildSettings = {
				ASSETCATALOG_COMPILER_APPICON_NAME = AppIcon;
				INFOPLIST_FILE = Shrimp/Info.plist;
				LD_RUNPATH_SEARCH_PATHS = "$(inherited) @executable_path/Frameworks";
				PRODUCT_NAME = "$(TARGET_NAME)";
				TARGETED_DEVICE_FAMILY = 1;
			};
			name = Release;
		};
		EDF7944619F571CF005E8532 /* Debug */ = {
			isa = XCBuildConfiguration;
			buildSettings = {
				BUNDLE_LOADER = "$(TEST_HOST)";
				FRAMEWORK_SEARCH_PATHS = (
					"$(SDKROOT)/Developer/Library/Frameworks",
					"$(inherited)",
				);
				GCC_PREPROCESSOR_DEFINITIONS = (
					"DEBUG=1",
					"$(inherited)",
				);
				INFOPLIST_FILE = ShrimpTests/Info.plist;
				LD_RUNPATH_SEARCH_PATHS = "$(inherited) @executable_path/Frameworks @loader_path/Frameworks";
				PRODUCT_NAME = "$(TARGET_NAME)";
				TEST_HOST = "$(BUILT_PRODUCTS_DIR)/Shrimp.app/Shrimp";
			};
			name = Debug;
		};
		EDF7944719F571CF005E8532 /* Release */ = {
			isa = XCBuildConfiguration;
			buildSettings = {
				BUNDLE_LOADER = "$(TEST_HOST)";
				FRAMEWORK_SEARCH_PATHS = (
					"$(SDKROOT)/Developer/Library/Frameworks",
					"$(inherited)",
				);
				INFOPLIST_FILE = ShrimpTests/Info.plist;
				LD_RUNPATH_SEARCH_PATHS = "$(inherited) @executable_path/Frameworks @loader_path/Frameworks";
				PRODUCT_NAME = "$(TARGET_NAME)";
				TEST_HOST = "$(BUILT_PRODUCTS_DIR)/Shrimp.app/Shrimp";
			};
			name = Release;
		};
/* End XCBuildConfiguration section */

/* Begin XCConfigurationList section */
		EDF7941719F571CF005E8532 /* Build configuration list for PBXProject "Shrimp" */ = {
			isa = XCConfigurationList;
			buildConfigurations = (
				EDF7944019F571CF005E8532 /* Debug */,
				EDF7944119F571CF005E8532 /* Release */,
			);
			defaultConfigurationIsVisible = 0;
			defaultConfigurationName = Release;
		};
		EDF7944219F571CF005E8532 /* Build configuration list for PBXNativeTarget "Shrimp" */ = {
			isa = XCConfigurationList;
			buildConfigurations = (
				EDF7944319F571CF005E8532 /* Debug */,
				EDF7944419F571CF005E8532 /* Release */,
			);
			defaultConfigurationIsVisible = 0;
			defaultConfigurationName = Release;
		};
		EDF7944519F571CF005E8532 /* Build configuration list for PBXNativeTarget "ShrimpTests" */ = {
			isa = XCConfigurationList;
			buildConfigurations = (
				EDF7944619F571CF005E8532 /* Debug */,
				EDF7944719F571CF005E8532 /* Release */,
			);
			defaultConfigurationIsVisible = 0;
			defaultConfigurationName = Release;
		};
/* End XCConfigurationList section */

/* Begin XCVersionGroup section */
		EDF7942619F571CF005E8532 /* Shrimp.xcdatamodeld */ = {
			isa = XCVersionGroup;
			children = (
				EDF7942719F571CF005E8532 /* Shrimp.xcdatamodel */,
			);
			currentVersion = EDF7942719F571CF005E8532 /* Shrimp.xcdatamodel */;
			path = Shrimp.xcdatamodeld;
			sourceTree = "<group>";
			versionGroupType = wrapper.xcdatamodel;
		};
/* End XCVersionGroup section */
	};
	rootObject = EDF7941419F571CF005E8532 /* Project object */;
}
