// !$*UTF8*$!
{
	archiveVersion = 1;
	classes = {
	};
	objectVersion = 46;
	objects = {

/* Begin PBXBuildFile section */
		B43A84765925EA972D376A8A /* libPods-Shrimp.a in Frameworks */ = {isa = PBXBuildFile; fileRef = 448132A27FAE77A8B48DED26 /* libPods-Shrimp.a */; };
		ED0E172F19F58F29004345D9 /* MasterViewController.m in Sources */ = {isa = PBXBuildFile; fileRef = ED0E172E19F58F29004345D9 /* MasterViewController.m */; };
		ED0E173219F58F41004345D9 /* DetailViewController.m in Sources */ = {isa = PBXBuildFile; fileRef = ED0E173119F58F41004345D9 /* DetailViewController.m */; };
		ED26DEAD19F5861800822BB4 /* DatabaseManager.m in Sources */ = {isa = PBXBuildFile; fileRef = ED26DEAC19F5861800822BB4 /* DatabaseManager.m */; };
		ED26DEB019F5869700822BB4 /* BaseDatabaseManager.m in Sources */ = {isa = PBXBuildFile; fileRef = ED26DEAF19F5869700822BB4 /* BaseDatabaseManager.m */; };
		ED26DEB319F5886900822BB4 /* Shrimp.m in Sources */ = {isa = PBXBuildFile; fileRef = ED26DEB219F5886900822BB4 /* Shrimp.m */; };
		ED873C1F1A9C0FEC0013D4D6 /* out in Resources */ = {isa = PBXBuildFile; fileRef = ED873C1E1A9C0FEC0013D4D6 /* out */; };
		EDF7942219F571CF005E8532 /* main.m in Sources */ = {isa = PBXBuildFile; fileRef = EDF7942119F571CF005E8532 /* main.m */; };
		EDF7942519F571CF005E8532 /* AppDelegate.m in Sources */ = {isa = PBXBuildFile; fileRef = EDF7942419F571CF005E8532 /* AppDelegate.m */; };
		EDF7942819F571CF005E8532 /* Shrimp.xcdatamodeld in Sources */ = {isa = PBXBuildFile; fileRef = EDF7942619F571CF005E8532 /* Shrimp.xcdatamodeld */; };
		EDF7942E19F571CF005E8532 /* Main.storyboard in Resources */ = {isa = PBXBuildFile; fileRef = EDF7942C19F571CF005E8532 /* Main.storyboard */; };
		EDF7943019F571CF005E8532 /* Images.xcassets in Resources */ = {isa = PBXBuildFile; fileRef = EDF7942F19F571CF005E8532 /* Images.xcassets */; };
		EDF7943319F571CF005E8532 /* LaunchScreen.xib in Resources */ = {isa = PBXBuildFile; fileRef = EDF7943119F571CF005E8532 /* LaunchScreen.xib */; };
		EDF7943F19F571CF005E8532 /* ShrimpTests.m in Sources */ = {isa = PBXBuildFile; fileRef = EDF7943E19F571CF005E8532 /* ShrimpTests.m */; };
/* End PBXBuildFile section */

/* Begin PBXContainerItemProxy section */
		EDF7943919F571CF005E8532 /* PBXContainerItemProxy */ = {
			isa = PBXContainerItemProxy;
			containerPortal = EDF7941419F571CF005E8532 /* Project object */;
			proxyType = 1;
			remoteGlobalIDString = EDF7941B19F571CF005E8532;
			remoteInfo = Shrimp;
		};
/* End PBXContainerItemProxy section */

/* Begin PBXFileReference section */
		448132A27FAE77A8B48DED26 /* libPods-Shrimp.a */ = {isa = PBXFileReference; explicitFileType = archive.ar; includeInIndex = 0; path = "libPods-Shrimp.a"; sourceTree = BUILT_PRODUCTS_DIR; };
		5150508E7AAE6D778E2536B4 /* Pods-Shrimp.release.xcconfig */ = {isa = PBXFileReference; includeInIndex = 1; lastKnownFileType = text.xcconfig; name = "Pods-Shrimp.release.xcconfig"; path = "Pods/Target Support Files/Pods-Shrimp/Pods-Shrimp.release.xcconfig"; sourceTree = "<group>"; };
		B8BB98D315FBEF416DAA27F9 /* Pods-Shrimp.debug.xcconfig */ = {isa = PBXFileReference; includeInIndex = 1; lastKnownFileType = text.xcconfig; name = "Pods-Shrimp.debug.xcconfig"; path = "Pods/Target Support Files/Pods-Shrimp/Pods-Shrimp.debug.xcconfig"; sourceTree = "<group>"; };
		ED0E172D19F58F29004345D9 /* MasterViewController.h */ = {isa = PBXFileReference; fileEncoding = 4; lastKnownFileType = sourcecode.c.h; path = MasterViewController.h; sourceTree = "<group>"; };
		ED0E172E19F58F29004345D9 /* MasterViewController.m */ = {isa = PBXFileReference; fileEncoding = 4; lastKnownFileType = sourcecode.c.objc; path = MasterViewController.m; sourceTree = "<group>"; };
		ED0E173019F58F41004345D9 /* DetailViewController.h */ = {isa = PBXFileReference; fileEncoding = 4; lastKnownFileType = sourcecode.c.h; path = DetailViewController.h; sourceTree = "<group>"; };
		ED0E173119F58F41004345D9 /* DetailViewController.m */ = {isa = PBXFileReference; fileEncoding = 4; lastKnownFileType = sourcecode.c.objc; path = DetailViewController.m; sourceTree = "<group>"; };
		ED26DEAB19F5861800822BB4 /* DatabaseManager.h */ = {isa = PBXFileReference; fileEncoding = 4; lastKnownFileType = sourcecode.c.h; path = DatabaseManager.h; sourceTree = "<group>"; };
		ED26DEAC19F5861800822BB4 /* DatabaseManager.m */ = {isa = PBXFileReference; fileEncoding = 4; lastKnownFileType = sourcecode.c.objc; path = DatabaseManager.m; sourceTree = "<group>"; };
		ED26DEAE19F5869700822BB4 /* BaseDatabaseManager.h */ = {isa = PBXFileReference; fileEncoding = 4; lastKnownFileType = sourcecode.c.h; path = BaseDatabaseManager.h; sourceTree = "<group>"; };
		ED26DEAF19F5869700822BB4 /* BaseDatabaseManager.m */ = {isa = PBXFileReference; fileEncoding = 4; lastKnownFileType = sourcecode.c.objc; path = BaseDatabaseManager.m; sourceTree = "<group>"; };
		ED26DEB119F5886900822BB4 /* Shrimp.h */ = {isa = PBXFileReference; fileEncoding = 4; lastKnownFileType = sourcecode.c.h; path = Shrimp.h; sourceTree = "<group>"; };
		ED26DEB219F5886900822BB4 /* Shrimp.m */ = {isa = PBXFileReference; fileEncoding = 4; lastKnownFileType = sourcecode.c.objc; path = Shrimp.m; sourceTree = "<group>"; };
		ED873C1E1A9C0FEC0013D4D6 /* out */ = {isa = PBXFileReference; lastKnownFileType = folder; name = out; path = ../ClojureScript/target/out; sourceTree = "<group>"; };
		EDF7941C19F571CF005E8532 /* Shrimp.app */ = {isa = PBXFileReference; explicitFileType = wrapper.application; includeInIndex = 0; path = Shrimp.app; sourceTree = BUILT_PRODUCTS_DIR; };
		EDF7942019F571CF005E8532 /* Info.plist */ = {isa = PBXFileReference; lastKnownFileType = text.plist.xml; path = Info.plist; sourceTree = "<group>"; };
		EDF7942119F571CF005E8532 /* main.m */ = {isa = PBXFileReference; lastKnownFileType = sourcecode.c.objc; path = main.m; sourceTree = "<group>"; };
		EDF7942319F571CF005E8532 /* AppDelegate.h */ = {isa = PBXFileReference; lastKnownFileType = sourcecode.c.h; path = AppDelegate.h; sourceTree = "<group>"; };
		EDF7942419F571CF005E8532 /* AppDelegate.m */ = {isa = PBXFileReference; lastKnownFileType = sourcecode.c.objc; path = AppDelegate.m; sourceTree = "<group>"; };
		EDF7942719F571CF005E8532 /* Shrimp.xcdatamodel */ = {isa = PBXFileReference; lastKnownFileType = wrapper.xcdatamodel; path = Shrimp.xcdatamodel; sourceTree = "<group>"; };
		EDF7942D19F571CF005E8532 /* Base */ = {isa = PBXFileReference; lastKnownFileType = file.storyboard; name = Base; path = Base.lproj/Main.storyboard; sourceTree = "<group>"; };
		EDF7942F19F571CF005E8532 /* Images.xcassets */ = {isa = PBXFileReference; lastKnownFileType = folder.assetcatalog; path = Images.xcassets; sourceTree = "<group>"; };
		EDF7943219F571CF005E8532 /* Base */ = {isa = PBXFileReference; lastKnownFileType = file.xib; name = Base; path = Base.lproj/LaunchScreen.xib; sourceTree = "<group>"; };
		EDF7943819F571CF005E8532 /* ShrimpTests.xctest */ = {isa = PBXFileReference; explicitFileType = wrapper.cfbundle; includeInIndex = 0; path = ShrimpTests.xctest; sourceTree = BUILT_PRODUCTS_DIR; };
		EDF7943D19F571CF005E8532 /* Info.plist */ = {isa = PBXFileReference; lastKnownFileType = text.plist.xml; path = Info.plist; sourceTree = "<group>"; };
		EDF7943E19F571CF005E8532 /* ShrimpTests.m */ = {isa = PBXFileReference; lastKnownFileType = sourcecode.c.objc; path = ShrimpTests.m; sourceTree = "<group>"; };
/* End PBXFileReference section */

/* Begin PBXFrameworksBuildPhase section */
		EDF7941919F571CF005E8532 /* Frameworks */ = {
			isa = PBXFrameworksBuildPhase;
			buildActionMask = 2147483647;
			files = (
				B43A84765925EA972D376A8A /* libPods-Shrimp.a in Frameworks */,
			);
			runOnlyForDeploymentPostprocessing = 0;
		};
		EDF7943519F571CF005E8532 /* Frameworks */ = {
			isa = PBXFrameworksBuildPhase;
			buildActionMask = 2147483647;
			files = (
			);
			runOnlyForDeploymentPostprocessing = 0;
		};
/* End PBXFrameworksBuildPhase section */

/* Begin PBXGroup section */
		0016AD5F9125A067591C6FC1 /* Pods */ = {
			isa = PBXGroup;
			children = (
				B8BB98D315FBEF416DAA27F9 /* Pods-Shrimp.debug.xcconfig */,
				5150508E7AAE6D778E2536B4 /* Pods-Shrimp.release.xcconfig */,
			);
			name = Pods;
			sourceTree = "<group>";
		};
		1368C8179B3A8BC43FF9F2FF /* Frameworks */ = {
			isa = PBXGroup;
			children = (
				448132A27FAE77A8B48DED26 /* libPods-Shrimp.a */,
			);
			name = Frameworks;
			sourceTree = "<group>";
		};
		EDF7941319F571CF005E8532 = {
			isa = PBXGroup;
			children = (
				ED873C1E1A9C0FEC0013D4D6 /* out */,
				EDF7941E19F571CF005E8532 /* Shrimp */,
				EDF7943B19F571CF005E8532 /* ShrimpTests */,
				EDF7941D19F571CF005E8532 /* Products */,
				0016AD5F9125A067591C6FC1 /* Pods */,
				1368C8179B3A8BC43FF9F2FF /* Frameworks */,
			);
			sourceTree = "<group>";
		};
		EDF7941D19F571CF005E8532 /* Products */ = {
			isa = PBXGroup;
			children = (
				EDF7941C19F571CF005E8532 /* Shrimp.app */,
				EDF7943819F571CF005E8532 /* ShrimpTests.xctest */,
			);
			name = Products;
			sourceTree = "<group>";
		};
		EDF7941E19F571CF005E8532 /* Shrimp */ = {
			isa = PBXGroup;
			children = (
				EDF7942319F571CF005E8532 /* AppDelegate.h */,
				EDF7942419F571CF005E8532 /* AppDelegate.m */,
				ED0E172D19F58F29004345D9 /* MasterViewController.h */,
				ED0E172E19F58F29004345D9 /* MasterViewController.m */,
				ED0E173019F58F41004345D9 /* DetailViewController.h */,
				ED0E173119F58F41004345D9 /* DetailViewController.m */,
				ED26DEAE19F5869700822BB4 /* BaseDatabaseManager.h */,
				ED26DEAF19F5869700822BB4 /* BaseDatabaseManager.m */,
				ED26DEAB19F5861800822BB4 /* DatabaseManager.h */,
				ED26DEAC19F5861800822BB4 /* DatabaseManager.m */,
				EDF7942C19F571CF005E8532 /* Main.storyboard */,
				EDF7942F19F571CF005E8532 /* Images.xcassets */,
				EDF7943119F571CF005E8532 /* LaunchScreen.xib */,
				EDF7942619F571CF005E8532 /* Shrimp.xcdatamodeld */,
				ED26DEB119F5886900822BB4 /* Shrimp.h */,
				ED26DEB219F5886900822BB4 /* Shrimp.m */,
				EDF7941F19F571CF005E8532 /* Supporting Files */,
			);
			path = Shrimp;
			sourceTree = "<group>";
		};
		EDF7941F19F571CF005E8532 /* Supporting Files */ = {
			isa = PBXGroup;
			children = (
				EDF7942019F571CF005E8532 /* Info.plist */,
				EDF7942119F571CF005E8532 /* main.m */,
			);
			name = "Supporting Files";
			sourceTree = "<group>";
		};
		EDF7943B19F571CF005E8532 /* ShrimpTests */ = {
			isa = PBXGroup;
			children = (
				EDF7943E19F571CF005E8532 /* ShrimpTests.m */,
				EDF7943C19F571CF005E8532 /* Supporting Files */,
			);
			path = ShrimpTests;
			sourceTree = "<group>";
		};
		EDF7943C19F571CF005E8532 /* Supporting Files */ = {
			isa = PBXGroup;
			children = (
				EDF7943D19F571CF005E8532 /* Info.plist */,
			);
			name = "Supporting Files";
			sourceTree = "<group>";
		};
/* End PBXGroup section */

/* Begin PBXNativeTarget section */
		EDF7941B19F571CF005E8532 /* Shrimp */ = {
			isa = PBXNativeTarget;
			buildConfigurationList = EDF7944219F571CF005E8532 /* Build configuration list for PBXNativeTarget "Shrimp" */;
			buildPhases = (
				AF8848A0C0FCE718B78EBED0 /* [CP] Check Pods Manifest.lock */,
				EDF7941819F571CF005E8532 /* Sources */,
				EDF7941919F571CF005E8532 /* Frameworks */,
				EDF7941A19F571CF005E8532 /* Resources */,
				64D6DFEF2BE7F89262409456 /* [CP] Embed Pods Frameworks */,
				04BCB60C9BDA9CEFC08C287B /* [CP] Copy Pods Resources */,
			);
			buildRules = (
			);
			dependencies = (
			);
			name = Shrimp;
			productName = Shrimp;
			productReference = EDF7941C19F571CF005E8532 /* Shrimp.app */;
			productType = "com.apple.product-type.application";
		};
		EDF7943719F571CF005E8532 /* ShrimpTests */ = {
			isa = PBXNativeTarget;
			buildConfigurationList = EDF7944519F571CF005E8532 /* Build configuration list for PBXNativeTarget "ShrimpTests" */;
			buildPhases = (
				EDF7943419F571CF005E8532 /* Sources */,
				EDF7943519F571CF005E8532 /* Frameworks */,
				EDF7943619F571CF005E8532 /* Resources */,
			);
			buildRules = (
			);
			dependencies = (
				EDF7943A19F571CF005E8532 /* PBXTargetDependency */,
			);
			name = ShrimpTests;
			productName = ShrimpTests;
			productReference = EDF7943819F571CF005E8532 /* ShrimpTests.xctest */;
			productType = "com.apple.product-type.bundle.unit-test";
		};
/* End PBXNativeTarget section */

/* Begin PBXProject section */
		EDF7941419F571CF005E8532 /* Project object */ = {
			isa = PBXProject;
			attributes = {
				LastUpgradeCheck = 0600;
				ORGANIZATIONNAME = Goby;
				TargetAttributes = {
					EDF7941B19F571CF005E8532 = {
						CreatedOnToolsVersion = 6.0.1;
					};
					EDF7943719F571CF005E8532 = {
						CreatedOnToolsVersion = 6.0.1;
						TestTargetID = EDF7941B19F571CF005E8532;
					};
				};
			};
			buildConfigurationList = EDF7941719F571CF005E8532 /* Build configuration list for PBXProject "Shrimp" */;
			compatibilityVersion = "Xcode 3.2";
			developmentRegion = English;
			hasScannedForEncodings = 0;
			knownRegions = (
				en,
				Base,
			);
			mainGroup = EDF7941319F571CF005E8532;
			productRefGroup = EDF7941D19F571CF005E8532 /* Products */;
			projectDirPath = "";
			projectRoot = "";
			targets = (
				EDF7941B19F571CF005E8532 /* Shrimp */,
				EDF7943719F571CF005E8532 /* ShrimpTests */,
			);
		};
/* End PBXProject section */

/* Begin PBXResourcesBuildPhase section */
		EDF7941A19F571CF005E8532 /* Resources */ = {
			isa = PBXResourcesBuildPhase;
			buildActionMask = 2147483647;
			files = (
				EDF7942E19F571CF005E8532 /* Main.storyboard in Resources */,
				EDF7943319F571CF005E8532 /* LaunchScreen.xib in Resources */,
				ED873C1F1A9C0FEC0013D4D6 /* out in Resources */,
				EDF7943019F571CF005E8532 /* Images.xcassets in Resources */,
			);
			runOnlyForDeploymentPostprocessing = 0;
		};
		EDF7943619F571CF005E8532 /* Resources */ = {
			isa = PBXResourcesBuildPhase;
			buildActionMask = 2147483647;
			files = (
			);
			runOnlyForDeploymentPostprocessing = 0;
		};
/* End PBXResourcesBuildPhase section */

/* Begin PBXShellScriptBuildPhase section */
		04BCB60C9BDA9CEFC08C287B /* [CP] Copy Pods Resources */ = {
			isa = PBXShellScriptBuildPhase;
			buildActionMask = 2147483647;
			files = (
			);
			inputPaths = (
			);
			name = "[CP] Copy Pods Resources";
			outputPaths = (
			);
			runOnlyForDeploymentPostprocessing = 0;
			shellPath = /bin/sh;
			shellScript = "\"${SRCROOT}/Pods/Target Support Files/Pods-Shrimp/Pods-Shrimp-resources.sh\"\n";
			showEnvVarsInLog = 0;
		};
		64D6DFEF2BE7F89262409456 /* [CP] Embed Pods Frameworks */ = {
			isa = PBXShellScriptBuildPhase;
			buildActionMask = 2147483647;
			files = (
			);
			inputPaths = (
			);
			name = "[CP] Embed Pods Frameworks";
			outputPaths = (
			);
			runOnlyForDeploymentPostprocessing = 0;
			shellPath = /bin/sh;
			shellScript = "\"${SRCROOT}/Pods/Target Support Files/Pods-Shrimp/Pods-Shrimp-frameworks.sh\"\n";
			showEnvVarsInLog = 0;
		};
		AF8848A0C0FCE718B78EBED0 /* [CP] Check Pods Manifest.lock */ = {
			isa = PBXShellScriptBuildPhase;
			buildActionMask = 2147483647;
			files = (
			);
			inputPaths = (
			);
			name = "[CP] Check Pods Manifest.lock";
			outputPaths = (
			);
			runOnlyForDeploymentPostprocessing = 0;
			shellPath = /bin/sh;
			shellScript = "diff \"${PODS_ROOT}/../Podfile.lock\" \"${PODS_ROOT}/Manifest.lock\" > /dev/null\nif [ $? != 0 ] ; then\n    # print error to STDERR\n    echo \"error: The sandbox is not in sync with the Podfile.lock. Run 'pod install' or update your CocoaPods installation.\" >&2\n    exit 1\nfi\n";
			showEnvVarsInLog = 0;
		};
/* End PBXShellScriptBuildPhase section */

/* Begin PBXSourcesBuildPhase section */
		EDF7941819F571CF005E8532 /* Sources */ = {
			isa = PBXSourcesBuildPhase;
			buildActionMask = 2147483647;
			files = (
				EDF7942519F571CF005E8532 /* AppDelegate.m in Sources */,
				EDF7942819F571CF005E8532 /* Shrimp.xcdatamodeld in Sources */,
				ED26DEAD19F5861800822BB4 /* DatabaseManager.m in Sources */,
				ED0E173219F58F41004345D9 /* DetailViewController.m in Sources */,
				ED0E172F19F58F29004345D9 /* MasterViewController.m in Sources */,
				ED26DEB019F5869700822BB4 /* BaseDatabaseManager.m in Sources */,
				EDF7942219F571CF005E8532 /* main.m in Sources */,
				ED26DEB319F5886900822BB4 /* Shrimp.m in Sources */,
			);
			runOnlyForDeploymentPostprocessing = 0;
		};
		EDF7943419F571CF005E8532 /* Sources */ = {
			isa = PBXSourcesBuildPhase;
			buildActionMask = 2147483647;
			files = (
				EDF7943F19F571CF005E8532 /* ShrimpTests.m in Sources */,
			);
			runOnlyForDeploymentPostprocessing = 0;
		};
/* End PBXSourcesBuildPhase section */

/* Begin PBXTargetDependency section */
		EDF7943A19F571CF005E8532 /* PBXTargetDependency */ = {
			isa = PBXTargetDependency;
			target = EDF7941B19F571CF005E8532 /* Shrimp */;
			targetProxy = EDF7943919F571CF005E8532 /* PBXContainerItemProxy */;
		};
/* End PBXTargetDependency section */

/* Begin PBXVariantGroup section */
		EDF7942C19F571CF005E8532 /* Main.storyboard */ = {
			isa = PBXVariantGroup;
			children = (
				EDF7942D19F571CF005E8532 /* Base */,
			);
			name = Main.storyboard;
			sourceTree = "<group>";
		};
		EDF7943119F571CF005E8532 /* LaunchScreen.xib */ = {
			isa = PBXVariantGroup;
			children = (
				EDF7943219F571CF005E8532 /* Base */,
			);
			name = LaunchScreen.xib;
			sourceTree = "<group>";
		};
/* End PBXVariantGroup section */

/* Begin XCBuildConfiguration section */
		EDF7944019F571CF005E8532 /* Debug */ = {
			isa = XCBuildConfiguration;
			buildSettings = {
				ALWAYS_SEARCH_USER_PATHS = NO;
				CLANG_CXX_LANGUAGE_STANDARD = "gnu++0x";
				CLANG_CXX_LIBRARY = "libc++";
				CLANG_ENABLE_MODULES = YES;
				CLANG_ENABLE_OBJC_ARC = YES;
				CLANG_WARN_BOOL_CONVERSION = YES;
				CLANG_WARN_CONSTANT_CONVERSION = YES;
				CLANG_WARN_DIRECT_OBJC_ISA_USAGE = YES_ERROR;
				CLANG_WARN_EMPTY_BODY = YES;
				CLANG_WARN_ENUM_CONVERSION = YES;
				CLANG_WARN_INT_CONVERSION = YES;
				CLANG_WARN_OBJC_ROOT_CLASS = YES_ERROR;
				CLANG_WARN_UNREACHABLE_CODE = YES;
				CLANG_WARN__DUPLICATE_METHOD_MATCH = YES;
				"CODE_SIGN_IDENTITY[sdk=iphoneos*]" = "iPhone Developer";
				COPY_PHASE_STRIP = NO;
				ENABLE_STRICT_OBJC_MSGSEND = YES;
				GCC_C_LANGUAGE_STANDARD = gnu99;
				GCC_DYNAMIC_NO_PIC = NO;
				GCC_OPTIMIZATION_LEVEL = 0;
				GCC_PREPROCESSOR_DEFINITIONS = (
					"DEBUG=1",
					"$(inherited)",
				);
				GCC_SYMBOLS_PRIVATE_EXTERN = NO;
				GCC_WARN_64_TO_32_BIT_CONVERSION = YES;
				GCC_WARN_ABOUT_RETURN_TYPE = YES_ERROR;
				GCC_WARN_UNDECLARED_SELECTOR = YES;
				GCC_WARN_UNINITIALIZED_AUTOS = YES_AGGRESSIVE;
				GCC_WARN_UNUSED_FUNCTION = YES;
				GCC_WARN_UNUSED_VARIABLE = YES;
				IPHONEOS_DEPLOYMENT_TARGET = 8.2;
				MTL_ENABLE_DEBUG_INFO = YES;
				ONLY_ACTIVE_ARCH = YES;
				SDKROOT = iphoneos;
				TARGETED_DEVICE_FAMILY = "1,2";
			};
			name = Debug;
		};
		EDF7944119F571CF005E8532 /* Release */ = {
			isa = XCBuildConfiguration;
			buildSettings = {
				ALWAYS_SEARCH_USER_PATHS = NO;
				CLANG_CXX_LANGUAGE_STANDARD = "gnu++0x";
				CLANG_CXX_LIBRARY = "libc++";
				CLANG_ENABLE_MODULES = YES;
				CLANG_ENABLE_OBJC_ARC = YES;
				CLANG_WARN_BOOL_CONVERSION = YES;
				CLANG_WARN_CONSTANT_CONVERSION = YES;
				CLANG_WARN_DIRECT_OBJC_ISA_USAGE = YES_ERROR;
				CLANG_WARN_EMPTY_BODY = YES;
				CLANG_WARN_ENUM_CONVERSION = YES;
				CLANG_WARN_INT_CONVERSION = YES;
				CLANG_WARN_OBJC_ROOT_CLASS = YES_ERROR;
				CLANG_WARN_UNREACHABLE_CODE = YES;
				CLANG_WARN__DUPLICATE_METHOD_MATCH = YES;
				"CODE_SIGN_IDENTITY[sdk=iphoneos*]" = "iPhone Developer";
				COPY_PHASE_STRIP = YES;
				ENABLE_NS_ASSERTIONS = NO;
				ENABLE_STRICT_OBJC_MSGSEND = YES;
				GCC_C_LANGUAGE_STANDARD = gnu99;
				GCC_WARN_64_TO_32_BIT_CONVERSION = YES;
				GCC_WARN_ABOUT_RETURN_TYPE = YES_ERROR;
				GCC_WARN_UNDECLARED_SELECTOR = YES;
				GCC_WARN_UNINITIALIZED_AUTOS = YES_AGGRESSIVE;
				GCC_WARN_UNUSED_FUNCTION = YES;
				GCC_WARN_UNUSED_VARIABLE = YES;
				IPHONEOS_DEPLOYMENT_TARGET = 8.2;
				MTL_ENABLE_DEBUG_INFO = NO;
				SDKROOT = iphoneos;
				TARGETED_DEVICE_FAMILY = "1,2";
				VALIDATE_PRODUCT = YES;
			};
			name = Release;
		};
		EDF7944319F571CF005E8532 /* Debug */ = {
			isa = XCBuildConfiguration;
			baseConfigurationReference = B8BB98D315FBEF416DAA27F9 /* Pods-Shrimp.debug.xcconfig */;
			buildSettings = {
				ASSETCATALOG_COMPILER_APPICON_NAME = AppIcon;
				INFOPLIST_FILE = Shrimp/Info.plist;
				LD_RUNPATH_SEARCH_PATHS = "$(inherited) @executable_path/Frameworks";
				PRODUCT_NAME = "$(TARGET_NAME)";
				TARGETED_DEVICE_FAMILY = 1;
			};
			name = Debug;
		};
		EDF7944419F571CF005E8532 /* Release */ = {
			isa = XCBuildConfiguration;
			baseConfigurationReference = 5150508E7AAE6D778E2536B4 /* Pods-Shrimp.release.xcconfig */;
			buildSettings = {
				ASSETCATALOG_COMPILER_APPICON_NAME = AppIcon;
				INFOPLIST_FILE = Shrimp/Info.plist;
				LD_RUNPATH_SEARCH_PATHS = "$(inherited) @executable_path/Frameworks";
				PRODUCT_NAME = "$(TARGET_NAME)";
				TARGETED_DEVICE_FAMILY = 1;
			};
			name = Release;
		};
		EDF7944619F571CF005E8532 /* Debug */ = {
			isa = XCBuildConfiguration;
			buildSettings = {
				BUNDLE_LOADER = "$(TEST_HOST)";
				FRAMEWORK_SEARCH_PATHS = (
					"$(SDKROOT)/Developer/Library/Frameworks",
					"$(inherited)",
				);
				GCC_PREPROCESSOR_DEFINITIONS = (
					"DEBUG=1",
					"$(inherited)",
				);
				INFOPLIST_FILE = ShrimpTests/Info.plist;
				LD_RUNPATH_SEARCH_PATHS = "$(inherited) @executable_path/Frameworks @loader_path/Frameworks";
				PRODUCT_NAME = "$(TARGET_NAME)";
				TEST_HOST = "$(BUILT_PRODUCTS_DIR)/Shrimp.app/Shrimp";
			};
			name = Debug;
		};
		EDF7944719F571CF005E8532 /* Release */ = {
			isa = XCBuildConfiguration;
			buildSettings = {
				BUNDLE_LOADER = "$(TEST_HOST)";
				FRAMEWORK_SEARCH_PATHS = (
					"$(SDKROOT)/Developer/Library/Frameworks",
					"$(inherited)",
				);
				INFOPLIST_FILE = ShrimpTests/Info.plist;
				LD_RUNPATH_SEARCH_PATHS = "$(inherited) @executable_path/Frameworks @loader_path/Frameworks";
				PRODUCT_NAME = "$(TARGET_NAME)";
				TEST_HOST = "$(BUILT_PRODUCTS_DIR)/Shrimp.app/Shrimp";
			};
			name = Release;
		};
/* End XCBuildConfiguration section */

/* Begin XCConfigurationList section */
		EDF7941719F571CF005E8532 /* Build configuration list for PBXProject "Shrimp" */ = {
			isa = XCConfigurationList;
			buildConfigurations = (
				EDF7944019F571CF005E8532 /* Debug */,
				EDF7944119F571CF005E8532 /* Release */,
			);
			defaultConfigurationIsVisible = 0;
			defaultConfigurationName = Release;
		};
		EDF7944219F571CF005E8532 /* Build configuration list for PBXNativeTarget "Shrimp" */ = {
			isa = XCConfigurationList;
			buildConfigurations = (
				EDF7944319F571CF005E8532 /* Debug */,
				EDF7944419F571CF005E8532 /* Release */,
			);
			defaultConfigurationIsVisible = 0;
			defaultConfigurationName = Release;
		};
		EDF7944519F571CF005E8532 /* Build configuration list for PBXNativeTarget "ShrimpTests" */ = {
			isa = XCConfigurationList;
			buildConfigurations = (
				EDF7944619F571CF005E8532 /* Debug */,
				EDF7944719F571CF005E8532 /* Release */,
			);
			defaultConfigurationIsVisible = 0;
			defaultConfigurationName = Release;
		};
/* End XCConfigurationList section */

/* Begin XCVersionGroup section */
		EDF7942619F571CF005E8532 /* Shrimp.xcdatamodeld */ = {
			isa = XCVersionGroup;
			children = (
				EDF7942719F571CF005E8532 /* Shrimp.xcdatamodel */,
			);
			currentVersion = EDF7942719F571CF005E8532 /* Shrimp.xcdatamodel */;
			path = Shrimp.xcdatamodeld;
			sourceTree = "<group>";
			versionGroupType = wrapper.xcdatamodel;
		};
/* End XCVersionGroup section */
	};
	rootObject = EDF7941419F571CF005E8532 /* Project object */;
}
